
Microsoft Visual Studio Solution File, Format Version 12.00
# Visual Studio Version 17
VisualStudioVersion = 17.9.34728.123
MinimumVisualStudioVersion = 10.0.40219.1
Project("{FAE04EC0-301F-11D3-BF4B-00C04F79EFBC}") = "FERRETERIA", "FERRETERIA.csproj", "{97A64B4D-9240-4C5F-9183-5A5F20896C6A}"
EndProject
Project("{FAE04EC0-301F-11D3-BF4B-00C04F79EFBC}") = "BaseDeDatos", "..\BaseDeDatos\BaseDeDatos.csproj", "{0C259FA4-F8CC-4849-BD48-DA7F1BECB661}"
EndProject
Project("{FAE04EC0-301F-11D3-BF4B-00C04F79EFBC}") = "AccesaDatos", "..\AccesaDatos\AccesaDatos.csproj", "{3BAA1867-CC9A-4E0E-9850-A65508D5B4C1}"
EndProject
Project("{FAE04EC0-301F-11D3-BF4B-00C04F79EFBC}") = "Comun", "..\Comun\Comun.csproj", "{FBC1A528-11BD-4B96-9D89-D90ECE84E069}"
EndProject
Global
	GlobalSection(SolutionConfigurationPlatforms) = preSolution
		Debug|Any CPU = Debug|Any CPU
		Release|Any CPU = Release|Any CPU
	EndGlobalSection
	GlobalSection(ProjectConfigurationPlatforms) = postSolution
		{97A64B4D-9240-4C5F-9183-5A5F20896C6A}.Debug|Any CPU.ActiveCfg = Debug|Any CPU
		{97A64B4D-9240-4C5F-9183-5A5F20896C6A}.Debug|Any CPU.Build.0 = Debug|Any CPU
		{97A64B4D-9240-4C5F-9183-5A5F20896C6A}.Release|Any CPU.ActiveCfg = Release|Any CPU
		{97A64B4D-9240-4C5F-9183-5A5F20896C6A}.Release|Any CPU.Build.0 = Release|Any CPU
		{0C259FA4-F8CC-4849-BD48-DA7F1BECB661}.Debug|Any CPU.ActiveCfg = Debug|Any CPU
		{0C259FA4-F8CC-4849-BD48-DA7F1BECB661}.Debug|Any CPU.Build.0 = Debug|Any CPU
		{0C259FA4-F8CC-4849-BD48-DA7F1BECB661}.Release|Any CPU.ActiveCfg = Release|Any CPU
		{0C259FA4-F8CC-4849-BD48-DA7F1BECB661}.Release|Any CPU.Build.0 = Release|Any CPU
		{3BAA1867-CC9A-4E0E-9850-A65508D5B4C1}.Debug|Any CPU.ActiveCfg = Debug|Any CPU
		{3BAA1867-CC9A-4E0E-9850-A65508D5B4C1}.Debug|Any CPU.Build.0 = Debug|Any CPU
		{3BAA1867-CC9A-4E0E-9850-A65508D5B4C1}.Release|Any CPU.ActiveCfg = Release|Any CPU
		{3BAA1867-CC9A-4E0E-9850-A65508D5B4C1}.Release|Any CPU.Build.0 = Release|Any CPU
		{FBC1A528-11BD-4B96-9D89-D90ECE84E069}.Debug|Any CPU.ActiveCfg = Debug|Any CPU
		{FBC1A528-11BD-4B96-9D89-D90ECE84E069}.Debug|Any CPU.Build.0 = Debug|Any CPU
		{FBC1A528-11BD-4B96-9D89-D90ECE84E069}.Release|Any CPU.ActiveCfg = Release|Any CPU
		{FBC1A528-11BD-4B96-9D89-D90ECE84E069}.Release|Any CPU.Build.0 = Release|Any CPU
	EndGlobalSection
	GlobalSection(SolutionProperties) = preSolution
		HideSolutionNode = FALSE
	EndGlobalSection
	GlobalSection(ExtensibilityGlobals) = postSolution
		SolutionGuid = {40AA118E-CC98-4E45-A464-A188AF4EAE3D}
	EndGlobalSection
EndGlobal
